// !$*UTF8*$!
{
	archiveVersion = 1;
	classes = {
	};
	objectVersion = 56;
	objects = {

/* Begin PBXBuildFile section */
		659958792C922577008D0D46 /* AdventureStudioApp.swift in Sources */ = {isa = PBXBuildFile; fileRef = 659958782C922577008D0D46 /* AdventureStudioApp.swift */; };
		6599587B2C922577008D0D46 /* ContentView.swift in Sources */ = {isa = PBXBuildFile; fileRef = 6599587A2C922577008D0D46 /* ContentView.swift */; };
		6599587D2C922577008D0D46 /* Item.swift in Sources */ = {isa = PBXBuildFile; fileRef = 6599587C2C922577008D0D46 /* Item.swift */; };
		6599587F2C922579008D0D46 /* Assets.xcassets in Resources */ = {isa = PBXBuildFile; fileRef = 6599587E2C922579008D0D46 /* Assets.xcassets */; };
		659958822C922579008D0D46 /* Preview Assets.xcassets in Resources */ = {isa = PBXBuildFile; fileRef = 659958812C922579008D0D46 /* Preview Assets.xcassets */; };
		6599588D2C922579008D0D46 /* AdventureStudioTests.swift in Sources */ = {isa = PBXBuildFile; fileRef = 6599588C2C922579008D0D46 /* AdventureStudioTests.swift */; };
		659958972C92257A008D0D46 /* AdventureStudioUITests.swift in Sources */ = {isa = PBXBuildFile; fileRef = 659958962C92257A008D0D46 /* AdventureStudioUITests.swift */; };
		659958992C92257A008D0D46 /* AdventureStudioUITestsLaunchTests.swift in Sources */ = {isa = PBXBuildFile; fileRef = 659958982C92257A008D0D46 /* AdventureStudioUITestsLaunchTests.swift */; };
/* End PBXBuildFile section */

/* Begin PBXContainerItemProxy section */
		659958892C922579008D0D46 /* PBXContainerItemProxy */ = {
			isa = PBXContainerItemProxy;
			containerPortal = 6599586D2C922577008D0D46 /* Project object */;
			proxyType = 1;
			remoteGlobalIDString = 659958742C922577008D0D46;
			remoteInfo = AdventureStudio;
		};
		659958932C92257A008D0D46 /* PBXContainerItemProxy */ = {
			isa = PBXContainerItemProxy;
			containerPortal = 6599586D2C922577008D0D46 /* Project object */;
			proxyType = 1;
			remoteGlobalIDString = 659958742C922577008D0D46;
			remoteInfo = AdventureStudio;
		};
/* End PBXContainerItemProxy section */

/* Begin PBXFileReference section */
		659958752C922577008D0D46 /* AdventureStudio.app */ = {isa = PBXFileReference; explicitFileType = wrapper.application; includeInIndex = 0; path = AdventureStudio.app; sourceTree = BUILT_PRODUCTS_DIR; };
		659958782C922577008D0D46 /* AdventureStudioApp.swift */ = {isa = PBXFileReference; lastKnownFileType = sourcecode.swift; path = AdventureStudioApp.swift; sourceTree = "<group>"; };
		6599587A2C922577008D0D46 /* ContentView.swift */ = {isa = PBXFileReference; lastKnownFileType = sourcecode.swift; path = ContentView.swift; sourceTree = "<group>"; };
		6599587C2C922577008D0D46 /* Item.swift */ = {isa = PBXFileReference; lastKnownFileType = sourcecode.swift; path = Item.swift; sourceTree = "<group>"; };
		6599587E2C922579008D0D46 /* Assets.xcassets */ = {isa = PBXFileReference; lastKnownFileType = folder.assetcatalog; path = Assets.xcassets; sourceTree = "<group>"; };
		659958812C922579008D0D46 /* Preview Assets.xcassets */ = {isa = PBXFileReference; lastKnownFileType = folder.assetcatalog; path = "Preview Assets.xcassets"; sourceTree = "<group>"; };
		659958832C922579008D0D46 /* AdventureStudio.entitlements */ = {isa = PBXFileReference; lastKnownFileType = text.plist.entitlements; path = AdventureStudio.entitlements; sourceTree = "<group>"; };
		659958882C922579008D0D46 /* AdventureStudioTests.xctest */ = {isa = PBXFileReference; explicitFileType = wrapper.cfbundle; includeInIndex = 0; path = AdventureStudioTests.xctest; sourceTree = BUILT_PRODUCTS_DIR; };
		6599588C2C922579008D0D46 /* AdventureStudioTests.swift */ = {isa = PBXFileReference; lastKnownFileType = sourcecode.swift; path = AdventureStudioTests.swift; sourceTree = "<group>"; };
		659958922C92257A008D0D46 /* AdventureStudioUITests.xctest */ = {isa = PBXFileReference; explicitFileType = wrapper.cfbundle; includeInIndex = 0; path = AdventureStudioUITests.xctest; sourceTree = BUILT_PRODUCTS_DIR; };
		659958962C92257A008D0D46 /* AdventureStudioUITests.swift */ = {isa = PBXFileReference; lastKnownFileType = sourcecode.swift; path = AdventureStudioUITests.swift; sourceTree = "<group>"; };
		659958982C92257A008D0D46 /* AdventureStudioUITestsLaunchTests.swift */ = {isa = PBXFileReference; lastKnownFileType = sourcecode.swift; path = AdventureStudioUITestsLaunchTests.swift; sourceTree = "<group>"; };
/* End PBXFileReference section */

/* Begin PBXFrameworksBuildPhase section */
		659958722C922577008D0D46 /* Frameworks */ = {
			isa = PBXFrameworksBuildPhase;
			buildActionMask = 2147483647;
			files = (
			);
			runOnlyForDeploymentPostprocessing = 0;
		};
		659958852C922579008D0D46 /* Frameworks */ = {
			isa = PBXFrameworksBuildPhase;
			buildActionMask = 2147483647;
			files = (
			);
			runOnlyForDeploymentPostprocessing = 0;
		};
		6599588F2C92257A008D0D46 /* Frameworks */ = {
			isa = PBXFrameworksBuildPhase;
			buildActionMask = 2147483647;
			files = (
			);
			runOnlyForDeploymentPostprocessing = 0;
		};
/* End PBXFrameworksBuildPhase section */

/* Begin PBXGroup section */
		6599586C2C922577008D0D46 = {
			isa = PBXGroup;
			children = (
				659958772C922577008D0D46 /* AdventureStudio */,
				6599588B2C922579008D0D46 /* AdventureStudioTests */,
				659958952C92257A008D0D46 /* AdventureStudioUITests */,
				659958762C922577008D0D46 /* Products */,
			);
			sourceTree = "<group>";
		};
		659958762C922577008D0D46 /* Products */ = {
			isa = PBXGroup;
			children = (
				659958752C922577008D0D46 /* AdventureStudio.app */,
				659958882C922579008D0D46 /* AdventureStudioTests.xctest */,
				659958922C92257A008D0D46 /* AdventureStudioUITests.xctest */,
			);
			name = Products;
			sourceTree = "<group>";
		};
		659958772C922577008D0D46 /* AdventureStudio */ = {
			isa = PBXGroup;
			children = (
				659958782C922577008D0D46 /* AdventureStudioApp.swift */,
				6599587A2C922577008D0D46 /* ContentView.swift */,
				6599587C2C922577008D0D46 /* Item.swift */,
				6599587E2C922579008D0D46 /* Assets.xcassets */,
				659958832C922579008D0D46 /* AdventureStudio.entitlements */,
				659958802C922579008D0D46 /* Preview Content */,
			);
			path = AdventureStudio;
			sourceTree = "<group>";
		};
		659958802C922579008D0D46 /* Preview Content */ = {
			isa = PBXGroup;
			children = (
				659958812C922579008D0D46 /* Preview Assets.xcassets */,
			);
			path = "Preview Content";
			sourceTree = "<group>";
		};
		6599588B2C922579008D0D46 /* AdventureStudioTests */ = {
			isa = PBXGroup;
			children = (
				6599588C2C922579008D0D46 /* AdventureStudioTests.swift */,
			);
			path = AdventureStudioTests;
			sourceTree = "<group>";
		};
		659958952C92257A008D0D46 /* AdventureStudioUITests */ = {
			isa = PBXGroup;
			children = (
				659958962C92257A008D0D46 /* AdventureStudioUITests.swift */,
				659958982C92257A008D0D46 /* AdventureStudioUITestsLaunchTests.swift */,
			);
			path = AdventureStudioUITests;
			sourceTree = "<group>";
		};
/* End PBXGroup section */

/* Begin PBXNativeTarget section */
		659958742C922577008D0D46 /* AdventureStudio */ = {
			isa = PBXNativeTarget;
			buildConfigurationList = 6599589C2C92257A008D0D46 /* Build configuration list for PBXNativeTarget "AdventureStudio" */;
			buildPhases = (
				659958712C922577008D0D46 /* Sources */,
				659958722C922577008D0D46 /* Frameworks */,
				659958732C922577008D0D46 /* Resources */,
			);
			buildRules = (
			);
			dependencies = (
			);
			name = AdventureStudio;
			productName = AdventureStudio;
			productReference = 659958752C922577008D0D46 /* AdventureStudio.app */;
			productType = "com.apple.product-type.application";
		};
		659958872C922579008D0D46 /* AdventureStudioTests */ = {
			isa = PBXNativeTarget;
			buildConfigurationList = 6599589F2C92257A008D0D46 /* Build configuration list for PBXNativeTarget "AdventureStudioTests" */;
			buildPhases = (
				659958842C922579008D0D46 /* Sources */,
				659958852C922579008D0D46 /* Frameworks */,
				659958862C922579008D0D46 /* Resources */,
			);
			buildRules = (
			);
			dependencies = (
				6599588A2C922579008D0D46 /* PBXTargetDependency */,
			);
			name = AdventureStudioTests;
			productName = AdventureStudioTests;
			productReference = 659958882C922579008D0D46 /* AdventureStudioTests.xctest */;
			productType = "com.apple.product-type.bundle.unit-test";
		};
		659958912C92257A008D0D46 /* AdventureStudioUITests */ = {
			isa = PBXNativeTarget;
			buildConfigurationList = 659958A22C92257A008D0D46 /* Build configuration list for PBXNativeTarget "AdventureStudioUITests" */;
			buildPhases = (
				6599588E2C92257A008D0D46 /* Sources */,
				6599588F2C92257A008D0D46 /* Frameworks */,
				659958902C92257A008D0D46 /* Resources */,
			);
			buildRules = (
			);
			dependencies = (
				659958942C92257A008D0D46 /* PBXTargetDependency */,
			);
			name = AdventureStudioUITests;
			productName = AdventureStudioUITests;
			productReference = 659958922C92257A008D0D46 /* AdventureStudioUITests.xctest */;
			productType = "com.apple.product-type.bundle.ui-testing";
		};
/* End PBXNativeTarget section */

/* Begin PBXProject section */
		6599586D2C922577008D0D46 /* Project object */ = {
			isa = PBXProject;
			attributes = {
				BuildIndependentTargetsInParallel = 1;
				LastSwiftUpdateCheck = 1540;
				LastUpgradeCheck = 1540;
				TargetAttributes = {
					659958742C922577008D0D46 = {
						CreatedOnToolsVersion = 15.4;
					};
					659958872C922579008D0D46 = {
						CreatedOnToolsVersion = 15.4;
						TestTargetID = 659958742C922577008D0D46;
					};
					659958912C92257A008D0D46 = {
						CreatedOnToolsVersion = 15.4;
						TestTargetID = 659958742C922577008D0D46;
					};
				};
			};
			buildConfigurationList = 659958702C922577008D0D46 /* Build configuration list for PBXProject "AdventureStudio" */;
			compatibilityVersion = "Xcode 14.0";
			developmentRegion = en;
			hasScannedForEncodings = 0;
			knownRegions = (
				en,
				Base,
			);
			mainGroup = 6599586C2C922577008D0D46;
			productRefGroup = 659958762C922577008D0D46 /* Products */;
			projectDirPath = "";
			projectRoot = "";
			targets = (
				659958742C922577008D0D46 /* AdventureStudio */,
				659958872C922579008D0D46 /* AdventureStudioTests */,
				659958912C92257A008D0D46 /* AdventureStudioUITests */,
			);
		};
/* End PBXProject section */

/* Begin PBXResourcesBuildPhase section */
		659958732C922577008D0D46 /* Resources */ = {
			isa = PBXResourcesBuildPhase;
			buildActionMask = 2147483647;
			files = (
				659958822C922579008D0D46 /* Preview Assets.xcassets in Resources */,
				6599587F2C922579008D0D46 /* Assets.xcassets in Resources */,
			);
			runOnlyForDeploymentPostprocessing = 0;
		};
		659958862C922579008D0D46 /* Resources */ = {
			isa = PBXResourcesBuildPhase;
			buildActionMask = 2147483647;
			files = (
			);
			runOnlyForDeploymentPostprocessing = 0;
		};
		659958902C92257A008D0D46 /* Resources */ = {
			isa = PBXResourcesBuildPhase;
			buildActionMask = 2147483647;
			files = (
			);
			runOnlyForDeploymentPostprocessing = 0;
		};
/* End PBXResourcesBuildPhase section */

/* Begin PBXSourcesBuildPhase section */
		659958712C922577008D0D46 /* Sources */ = {
			isa = PBXSourcesBuildPhase;
			buildActionMask = 2147483647;
			files = (
				6599587B2C922577008D0D46 /* ContentView.swift in Sources */,
				6599587D2C922577008D0D46 /* Item.swift in Sources */,
				659958792C922577008D0D46 /* AdventureStudioApp.swift in Sources */,
			);
			runOnlyForDeploymentPostprocessing = 0;
		};
		659958842C922579008D0D46 /* Sources */ = {
			isa = PBXSourcesBuildPhase;
			buildActionMask = 2147483647;
			files = (
				6599588D2C922579008D0D46 /* AdventureStudioTests.swift in Sources */,
			);
			runOnlyForDeploymentPostprocessing = 0;
		};
		6599588E2C92257A008D0D46 /* Sources */ = {
			isa = PBXSourcesBuildPhase;
			buildActionMask = 2147483647;
			files = (
				659958972C92257A008D0D46 /* AdventureStudioUITests.swift in Sources */,
				659958992C92257A008D0D46 /* AdventureStudioUITestsLaunchTests.swift in Sources */,
			);
			runOnlyForDeploymentPostprocessing = 0;
		};
/* End PBXSourcesBuildPhase section */

/* Begin PBXTargetDependency section */
		6599588A2C922579008D0D46 /* PBXTargetDependency */ = {
			isa = PBXTargetDependency;
			target = 659958742C922577008D0D46 /* AdventureStudio */;
			targetProxy = 659958892C922579008D0D46 /* PBXContainerItemProxy */;
		};
		659958942C92257A008D0D46 /* PBXTargetDependency */ = {
			isa = PBXTargetDependency;
			target = 659958742C922577008D0D46 /* AdventureStudio */;
			targetProxy = 659958932C92257A008D0D46 /* PBXContainerItemProxy */;
		};
/* End PBXTargetDependency section */

/* Begin XCBuildConfiguration section */
		6599589A2C92257A008D0D46 /* Debug */ = {
			isa = XCBuildConfiguration;
			buildSettings = {
				ALWAYS_SEARCH_USER_PATHS = NO;
				ASSETCATALOG_COMPILER_GENERATE_SWIFT_ASSET_SYMBOL_EXTENSIONS = YES;
				CLANG_ANALYZER_NONNULL = YES;
				CLANG_ANALYZER_NUMBER_OBJECT_CONVERSION = YES_AGGRESSIVE;
				CLANG_CXX_LANGUAGE_STANDARD = "gnu++20";
				CLANG_ENABLE_MODULES = YES;
				CLANG_ENABLE_OBJC_ARC = YES;
				CLANG_ENABLE_OBJC_WEAK = YES;
				CLANG_WARN_BLOCK_CAPTURE_AUTORELEASING = YES;
				CLANG_WARN_BOOL_CONVERSION = YES;
				CLANG_WARN_COMMA = YES;
				CLANG_WARN_CONSTANT_CONVERSION = YES;
				CLANG_WARN_DEPRECATED_OBJC_IMPLEMENTATIONS = YES;
				CLANG_WARN_DIRECT_OBJC_ISA_USAGE = YES_ERROR;
				CLANG_WARN_DOCUMENTATION_COMMENTS = YES;
				CLANG_WARN_EMPTY_BODY = YES;
				CLANG_WARN_ENUM_CONVERSION = YES;
				CLANG_WARN_INFINITE_RECURSION = YES;
				CLANG_WARN_INT_CONVERSION = YES;
				CLANG_WARN_NON_LITERAL_NULL_CONVERSION = YES;
				CLANG_WARN_OBJC_IMPLICIT_RETAIN_SELF = YES;
				CLANG_WARN_OBJC_LITERAL_CONVERSION = YES;
				CLANG_WARN_OBJC_ROOT_CLASS = YES_ERROR;
				CLANG_WARN_QUOTED_INCLUDE_IN_FRAMEWORK_HEADER = YES;
				CLANG_WARN_RANGE_LOOP_ANALYSIS = YES;
				CLANG_WARN_STRICT_PROTOTYPES = YES;
				CLANG_WARN_SUSPICIOUS_MOVE = YES;
				CLANG_WARN_UNGUARDED_AVAILABILITY = YES_AGGRESSIVE;
				CLANG_WARN_UNREACHABLE_CODE = YES;
				CLANG_WARN__DUPLICATE_METHOD_MATCH = YES;
				COPY_PHASE_STRIP = NO;
				DEBUG_INFORMATION_FORMAT = dwarf;
				ENABLE_STRICT_OBJC_MSGSEND = YES;
				ENABLE_TESTABILITY = YES;
				ENABLE_USER_SCRIPT_SANDBOXING = YES;
				GCC_C_LANGUAGE_STANDARD = gnu17;
				GCC_DYNAMIC_NO_PIC = NO;
				GCC_NO_COMMON_BLOCKS = YES;
				GCC_OPTIMIZATION_LEVEL = 0;
				GCC_PREPROCESSOR_DEFINITIONS = (
					"DEBUG=1",
					"$(inherited)",
				);
				GCC_WARN_64_TO_32_BIT_CONVERSION = YES;
				GCC_WARN_ABOUT_RETURN_TYPE = YES_ERROR;
				GCC_WARN_UNDECLARED_SELECTOR = YES;
				GCC_WARN_UNINITIALIZED_AUTOS = YES_AGGRESSIVE;
				GCC_WARN_UNUSED_FUNCTION = YES;
				GCC_WARN_UNUSED_VARIABLE = YES;
				LOCALIZATION_PREFERS_STRING_CATALOGS = YES;
				MACOSX_DEPLOYMENT_TARGET = 14.5;
				MTL_ENABLE_DEBUG_INFO = INCLUDE_SOURCE;
				MTL_FAST_MATH = YES;
				ONLY_ACTIVE_ARCH = YES;
				SDKROOT = macosx;
				SWIFT_ACTIVE_COMPILATION_CONDITIONS = "DEBUG $(inherited)";
				SWIFT_OPTIMIZATION_LEVEL = "-Onone";
			};
			name = Debug;
		};
		6599589B2C92257A008D0D46 /* Release */ = {
			isa = XCBuildConfiguration;
			buildSettings = {
				ALWAYS_SEARCH_USER_PATHS = NO;
				ASSETCATALOG_COMPILER_GENERATE_SWIFT_ASSET_SYMBOL_EXTENSIONS = YES;
				CLANG_ANALYZER_NONNULL = YES;
				CLANG_ANALYZER_NUMBER_OBJECT_CONVERSION = YES_AGGRESSIVE;
				CLANG_CXX_LANGUAGE_STANDARD = "gnu++20";
				CLANG_ENABLE_MODULES = YES;
				CLANG_ENABLE_OBJC_ARC = YES;
				CLANG_ENABLE_OBJC_WEAK = YES;
				CLANG_WARN_BLOCK_CAPTURE_AUTORELEASING = YES;
				CLANG_WARN_BOOL_CONVERSION = YES;
				CLANG_WARN_COMMA = YES;
				CLANG_WARN_CONSTANT_CONVERSION = YES;
				CLANG_WARN_DEPRECATED_OBJC_IMPLEMENTATIONS = YES;
				CLANG_WARN_DIRECT_OBJC_ISA_USAGE = YES_ERROR;
				CLANG_WARN_DOCUMENTATION_COMMENTS = YES;
				CLANG_WARN_EMPTY_BODY = YES;
				CLANG_WARN_ENUM_CONVERSION = YES;
				CLANG_WARN_INFINITE_RECURSION = YES;
				CLANG_WARN_INT_CONVERSION = YES;
				CLANG_WARN_NON_LITERAL_NULL_CONVERSION = YES;
				CLANG_WARN_OBJC_IMPLICIT_RETAIN_SELF = YES;
				CLANG_WARN_OBJC_LITERAL_CONVERSION = YES;
				CLANG_WARN_OBJC_ROOT_CLASS = YES_ERROR;
				CLANG_WARN_QUOTED_INCLUDE_IN_FRAMEWORK_HEADER = YES;
				CLANG_WARN_RANGE_LOOP_ANALYSIS = YES;
				CLANG_WARN_STRICT_PROTOTYPES = YES;
				CLANG_WARN_SUSPICIOUS_MOVE = YES;
				CLANG_WARN_UNGUARDED_AVAILABILITY = YES_AGGRESSIVE;
				CLANG_WARN_UNREACHABLE_CODE = YES;
				CLANG_WARN__DUPLICATE_METHOD_MATCH = YES;
				COPY_PHASE_STRIP = NO;
				DEBUG_INFORMATION_FORMAT = "dwarf-with-dsym";
				ENABLE_NS_ASSERTIONS = NO;
				ENABLE_STRICT_OBJC_MSGSEND = YES;
				ENABLE_USER_SCRIPT_SANDBOXING = YES;
				GCC_C_LANGUAGE_STANDARD = gnu17;
				GCC_NO_COMMON_BLOCKS = YES;
				GCC_WARN_64_TO_32_BIT_CONVERSION = YES;
				GCC_WARN_ABOUT_RETURN_TYPE = YES_ERROR;
				GCC_WARN_UNDECLARED_SELECTOR = YES;
				GCC_WARN_UNINITIALIZED_AUTOS = YES_AGGRESSIVE;
				GCC_WARN_UNUSED_FUNCTION = YES;
				GCC_WARN_UNUSED_VARIABLE = YES;
				LOCALIZATION_PREFERS_STRING_CATALOGS = YES;
				MACOSX_DEPLOYMENT_TARGET = 14.5;
				MTL_ENABLE_DEBUG_INFO = NO;
				MTL_FAST_MATH = YES;
				SDKROOT = macosx;
				SWIFT_COMPILATION_MODE = wholemodule;
			};
			name = Release;
		};
		6599589D2C92257A008D0D46 /* Debug */ = {
			isa = XCBuildConfiguration;
			buildSettings = {
				ASSETCATALOG_COMPILER_APPICON_NAME = AppIcon;
				ASSETCATALOG_COMPILER_GLOBAL_ACCENT_COLOR_NAME = AccentColor;
				CODE_SIGN_ENTITLEMENTS = AdventureStudio/AdventureStudio.entitlements;
				CODE_SIGN_STYLE = Automatic;
				COMBINE_HIDPI_IMAGES = YES;
				CURRENT_PROJECT_VERSION = 1;
				DEVELOPMENT_ASSET_PATHS = "\"AdventureStudio/Preview Content\"";
				DEVELOPMENT_TEAM = NJJLX74WDH;
				ENABLE_HARDENED_RUNTIME = YES;
				ENABLE_PREVIEWS = YES;
				GENERATE_INFOPLIST_FILE = YES;
				INFOPLIST_KEY_NSHumanReadableCopyright = "";
				LD_RUNPATH_SEARCH_PATHS = (
					"$(inherited)",
					"@executable_path/../Frameworks",
				);
				MACOSX_DEPLOYMENT_TARGET = 14.0;
				MARKETING_VERSION = 1.0;
				PRODUCT_BUNDLE_IDENTIFIER = da.AdventureStudio;
				PRODUCT_NAME = "$(TARGET_NAME)";
				SWIFT_EMIT_LOC_STRINGS = YES;
				SWIFT_VERSION = 5.0;
			};
			name = Debug;
		};
		6599589E2C92257A008D0D46 /* Release */ = {
			isa = XCBuildConfiguration;
			buildSettings = {
				ASSETCATALOG_COMPILER_APPICON_NAME = AppIcon;
				ASSETCATALOG_COMPILER_GLOBAL_ACCENT_COLOR_NAME = AccentColor;
				CODE_SIGN_ENTITLEMENTS = AdventureStudio/AdventureStudio.entitlements;
				CODE_SIGN_STYLE = Automatic;
				COMBINE_HIDPI_IMAGES = YES;
				CURRENT_PROJECT_VERSION = 1;
				DEVELOPMENT_ASSET_PATHS = "\"AdventureStudio/Preview Content\"";
				DEVELOPMENT_TEAM = NJJLX74WDH;
				ENABLE_HARDENED_RUNTIME = YES;
				ENABLE_PREVIEWS = YES;
				GENERATE_INFOPLIST_FILE = YES;
				INFOPLIST_KEY_NSHumanReadableCopyright = "";
				LD_RUNPATH_SEARCH_PATHS = (
					"$(inherited)",
					"@executable_path/../Frameworks",
				);
				MACOSX_DEPLOYMENT_TARGET = 14.0;
				MARKETING_VERSION = 1.0;
				PRODUCT_BUNDLE_IDENTIFIER = da.AdventureStudio;
				PRODUCT_NAME = "$(TARGET_NAME)";
				SWIFT_EMIT_LOC_STRINGS = YES;
				SWIFT_VERSION = 5.0;
			};
			name = Release;
		};
		659958A02C92257A008D0D46 /* Debug */ = {
			isa = XCBuildConfiguration;
			buildSettings = {
				ALWAYS_EMBED_SWIFT_STANDARD_LIBRARIES = YES;
				BUNDLE_LOADER = "$(TEST_HOST)";
				CODE_SIGN_STYLE = Automatic;
				CURRENT_PROJECT_VERSION = 1;
				DEVELOPMENT_TEAM = NJJLX74WDH;
				GENERATE_INFOPLIST_FILE = YES;
				MACOSX_DEPLOYMENT_TARGET = 14.0;
				MARKETING_VERSION = 1.0;
				PRODUCT_BUNDLE_IDENTIFIER = da.AdventureStudioTests;
				PRODUCT_NAME = "$(TARGET_NAME)";
				SWIFT_EMIT_LOC_STRINGS = NO;
				SWIFT_VERSION = 5.0;
				TEST_HOST = "$(BUILT_PRODUCTS_DIR)/AdventureStudio.app/$(BUNDLE_EXECUTABLE_FOLDER_PATH)/AdventureStudio";
			};
			name = Debug;
		};
		659958A12C92257A008D0D46 /* Release */ = {
			isa = XCBuildConfiguration;
			buildSettings = {
				ALWAYS_EMBED_SWIFT_STANDARD_LIBRARIES = YES;
				BUNDLE_LOADER = "$(TEST_HOST)";
				CODE_SIGN_STYLE = Automatic;
				CURRENT_PROJECT_VERSION = 1;
				DEVELOPMENT_TEAM = NJJLX74WDH;
				GENERATE_INFOPLIST_FILE = YES;
				MACOSX_DEPLOYMENT_TARGET = 14.0;
				MARKETING_VERSION = 1.0;
				PRODUCT_BUNDLE_IDENTIFIER = da.AdventureStudioTests;
				PRODUCT_NAME = "$(TARGET_NAME)";
				SWIFT_EMIT_LOC_STRINGS = NO;
				SWIFT_VERSION = 5.0;
				TEST_HOST = "$(BUILT_PRODUCTS_DIR)/AdventureStudio.app/$(BUNDLE_EXECUTABLE_FOLDER_PATH)/AdventureStudio";
			};
			name = Release;
		};
		659958A32C92257A008D0D46 /* Debug */ = {
			isa = XCBuildConfiguration;
			buildSettings = {
				ALWAYS_EMBED_SWIFT_STANDARD_LIBRARIES = YES;
				CODE_SIGN_STYLE = Automatic;
				CURRENT_PROJECT_VERSION = 1;
				DEVELOPMENT_TEAM = NJJLX74WDH;
				GENERATE_INFOPLIST_FILE = YES;
				MARKETING_VERSION = 1.0;
				PRODUCT_BUNDLE_IDENTIFIER = da.AdventureStudioUITests;
				PRODUCT_NAME = "$(TARGET_NAME)";
				SWIFT_EMIT_LOC_STRINGS = NO;
				SWIFT_VERSION = 5.0;
				TEST_TARGET_NAME = AdventureStudio;
			};
			name = Debug;
		};
		659958A42C92257A008D0D46 /* Release */ = {
			isa = XCBuildConfiguration;
			buildSettings = {
				ALWAYS_EMBED_SWIFT_STANDARD_LIBRARIES = YES;
				CODE_SIGN_STYLE = Automatic;
				CURRENT_PROJECT_VERSION = 1;
				DEVELOPMENT_TEAM = NJJLX74WDH;
				GENERATE_INFOPLIST_FILE = YES;
				MARKETING_VERSION = 1.0;
				PRODUCT_BUNDLE_IDENTIFIER = da.AdventureStudioUITests;
				PRODUCT_NAME = "$(TARGET_NAME)";
				SWIFT_EMIT_LOC_STRINGS = NO;
				SWIFT_VERSION = 5.0;
				TEST_TARGET_NAME = AdventureStudio;
			};
			name = Release;
		};
/* End XCBuildConfiguration section */

/* Begin XCConfigurationList section */
		659958702C922577008D0D46 /* Build configuration list for PBXProject "AdventureStudio" */ = {
			isa = XCConfigurationList;
			buildConfigurations = (
				6599589A2C92257A008D0D46 /* Debug */,
				6599589B2C92257A008D0D46 /* Release */,
			);
			defaultConfigurationIsVisible = 0;
			defaultConfigurationName = Release;
		};
		6599589C2C92257A008D0D46 /* Build configuration list for PBXNativeTarget "AdventureStudio" */ = {
			isa = XCConfigurationList;
			buildConfigurations = (
				6599589D2C92257A008D0D46 /* Debug */,
				6599589E2C92257A008D0D46 /* Release */,
			);
			defaultConfigurationIsVisible = 0;
			defaultConfigurationName = Release;
		};
		6599589F2C92257A008D0D46 /* Build configuration list for PBXNativeTarget "AdventureStudioTests" */ = {
			isa = XCConfigurationList;
			buildConfigurations = (
				659958A02C92257A008D0D46 /* Debug */,
				659958A12C92257A008D0D46 /* Release */,
			);
			defaultConfigurationIsVisible = 0;
			defaultConfigurationName = Release;
		};
		659958A22C92257A008D0D46 /* Build configuration list for PBXNativeTarget "AdventureStudioUITests" */ = {
			isa = XCConfigurationList;
			buildConfigurations = (
				659958A32C92257A008D0D46 /* Debug */,
				659958A42C92257A008D0D46 /* Release */,
			);
			defaultConfigurationIsVisible = 0;
			defaultConfigurationName = Release;
		};
/* End XCConfigurationList section */
	};
	rootObject = 6599586D2C922577008D0D46 /* Project object */;
}
